// !$*UTF8*$!
{
	archiveVersion = 1;
	classes = {
	};
	objectVersion = 46;
	objects = {

/* Begin PBXBuildFile section */
		2D5809B61E14ABDB00C99E58 /* 单身你.png in Resources */ = {isa = PBXBuildFile; fileRef = 2D5809B51E14ABDB00C99E58 /* 单身你.png */; };
		2D5809BA1E14EB8700C99E58 /* InputView.m in Sources */ = {isa = PBXBuildFile; fileRef = 2D5809B91E14EB8700C99E58 /* InputView.m */; };
		2D971EDD1E0CB9F8006F8464 /* main.m in Sources */ = {isa = PBXBuildFile; fileRef = 2D971EDC1E0CB9F8006F8464 /* main.m */; };
		2D971EE01E0CB9F8006F8464 /* AppDelegate.m in Sources */ = {isa = PBXBuildFile; fileRef = 2D971EDF1E0CB9F8006F8464 /* AppDelegate.m */; };
		2D971EE31E0CB9F8006F8464 /* ViewController.m in Sources */ = {isa = PBXBuildFile; fileRef = 2D971EE21E0CB9F8006F8464 /* ViewController.m */; };
		2D971EE61E0CB9F8006F8464 /* Main.storyboard in Resources */ = {isa = PBXBuildFile; fileRef = 2D971EE41E0CB9F8006F8464 /* Main.storyboard */; };
		2D971EE81E0CB9F8006F8464 /* Assets.xcassets in Resources */ = {isa = PBXBuildFile; fileRef = 2D971EE71E0CB9F8006F8464 /* Assets.xcassets */; };
		2D971EEB1E0CB9F8006F8464 /* LaunchScreen.storyboard in Resources */ = {isa = PBXBuildFile; fileRef = 2D971EE91E0CB9F8006F8464 /* LaunchScreen.storyboard */; };
		2D971EF61E0CB9F8006F8464 /* ZYHandleImageTests.m in Sources */ = {isa = PBXBuildFile; fileRef = 2D971EF51E0CB9F8006F8464 /* ZYHandleImageTests.m */; };
		2D971F011E0CB9F8006F8464 /* ZYHandleImageUITests.m in Sources */ = {isa = PBXBuildFile; fileRef = 2D971F001E0CB9F8006F8464 /* ZYHandleImageUITests.m */; };
		2D971F191E0CCA64006F8464 /* ZYHandleImageViewController.m in Sources */ = {isa = PBXBuildFile; fileRef = 2D971F181E0CCA64006F8464 /* ZYHandleImageViewController.m */; };
		2D971F2A1E0D2A45006F8464 /* UIImage+Category.m in Sources */ = {isa = PBXBuildFile; fileRef = 2D971F241E0D2A45006F8464 /* UIImage+Category.m */; };
		2D971F2B1E0D2A45006F8464 /* UIView+Category.m in Sources */ = {isa = PBXBuildFile; fileRef = 2D971F261E0D2A45006F8464 /* UIView+Category.m */; };
		2D971F2C1E0D2A45006F8464 /* base.jpg in Resources */ = {isa = PBXBuildFile; fileRef = 2D971F281E0D2A45006F8464 /* base.jpg */; };
		9D399F9E936A9179CE9CF4DE /* libPods-ZYHandleImage.a in Frameworks */ = {isa = PBXBuildFile; fileRef = 0F59937FF0713039613DE318 /* libPods-ZYHandleImage.a */; };
/* End PBXBuildFile section */

/* Begin PBXContainerItemProxy section */
		2D971EF21E0CB9F8006F8464 /* PBXContainerItemProxy */ = {
			isa = PBXContainerItemProxy;
			containerPortal = 2D971ED01E0CB9F8006F8464 /* Project object */;
			proxyType = 1;
			remoteGlobalIDString = 2D971ED71E0CB9F8006F8464;
			remoteInfo = ZYHandleImage;
		};
		2D971EFD1E0CB9F8006F8464 /* PBXContainerItemProxy */ = {
			isa = PBXContainerItemProxy;
			containerPortal = 2D971ED01E0CB9F8006F8464 /* Project object */;
			proxyType = 1;
			remoteGlobalIDString = 2D971ED71E0CB9F8006F8464;
			remoteInfo = ZYHandleImage;
		};
/* End PBXContainerItemProxy section */

/* Begin PBXFileReference section */
		0F59937FF0713039613DE318 /* libPods-ZYHandleImage.a */ = {isa = PBXFileReference; explicitFileType = archive.ar; includeInIndex = 0; path = "libPods-ZYHandleImage.a"; sourceTree = BUILT_PRODUCTS_DIR; };
		1A929D5BC82794D724BA3835 /* Pods-ZYHandleImage.release.xcconfig */ = {isa = PBXFileReference; includeInIndex = 1; lastKnownFileType = text.xcconfig; name = "Pods-ZYHandleImage.release.xcconfig"; path = "Pods/Target Support Files/Pods-ZYHandleImage/Pods-ZYHandleImage.release.xcconfig"; sourceTree = "<group>"; };
		2D5809B51E14ABDB00C99E58 /* 单身你.png */ = {isa = PBXFileReference; lastKnownFileType = image.png; path = "单身你.png"; sourceTree = "<group>"; };
		2D5809B81E14EB8700C99E58 /* InputView.h */ = {isa = PBXFileReference; fileEncoding = 4; lastKnownFileType = sourcecode.c.h; path = InputView.h; sourceTree = "<group>"; };
		2D5809B91E14EB8700C99E58 /* InputView.m */ = {isa = PBXFileReference; fileEncoding = 4; lastKnownFileType = sourcecode.c.objc; path = InputView.m; sourceTree = "<group>"; };
		2D971ED81E0CB9F8006F8464 /* ZYHandleImage.app */ = {isa = PBXFileReference; explicitFileType = wrapper.application; includeInIndex = 0; path = ZYHandleImage.app; sourceTree = BUILT_PRODUCTS_DIR; };
		2D971EDC1E0CB9F8006F8464 /* main.m */ = {isa = PBXFileReference; lastKnownFileType = sourcecode.c.objc; path = main.m; sourceTree = "<group>"; };
		2D971EDE1E0CB9F8006F8464 /* AppDelegate.h */ = {isa = PBXFileReference; lastKnownFileType = sourcecode.c.h; path = AppDelegate.h; sourceTree = "<group>"; };
		2D971EDF1E0CB9F8006F8464 /* AppDelegate.m */ = {isa = PBXFileReference; lastKnownFileType = sourcecode.c.objc; path = AppDelegate.m; sourceTree = "<group>"; };
		2D971EE11E0CB9F8006F8464 /* ViewController.h */ = {isa = PBXFileReference; lastKnownFileType = sourcecode.c.h; path = ViewController.h; sourceTree = "<group>"; };
		2D971EE21E0CB9F8006F8464 /* ViewController.m */ = {isa = PBXFileReference; lastKnownFileType = sourcecode.c.objc; path = ViewController.m; sourceTree = "<group>"; };
		2D971EE51E0CB9F8006F8464 /* Base */ = {isa = PBXFileReference; lastKnownFileType = file.storyboard; name = Base; path = Base.lproj/Main.storyboard; sourceTree = "<group>"; };
		2D971EE71E0CB9F8006F8464 /* Assets.xcassets */ = {isa = PBXFileReference; lastKnownFileType = folder.assetcatalog; path = Assets.xcassets; sourceTree = "<group>"; };
		2D971EEA1E0CB9F8006F8464 /* Base */ = {isa = PBXFileReference; lastKnownFileType = file.storyboard; name = Base; path = Base.lproj/LaunchScreen.storyboard; sourceTree = "<group>"; };
		2D971EEC1E0CB9F8006F8464 /* Info.plist */ = {isa = PBXFileReference; lastKnownFileType = text.plist.xml; path = Info.plist; sourceTree = "<group>"; };
		2D971EF11E0CB9F8006F8464 /* ZYHandleImageTests.xctest */ = {isa = PBXFileReference; explicitFileType = wrapper.cfbundle; includeInIndex = 0; path = ZYHandleImageTests.xctest; sourceTree = BUILT_PRODUCTS_DIR; };
		2D971EF51E0CB9F8006F8464 /* ZYHandleImageTests.m */ = {isa = PBXFileReference; lastKnownFileType = sourcecode.c.objc; path = ZYHandleImageTests.m; sourceTree = "<group>"; };
		2D971EF71E0CB9F8006F8464 /* Info.plist */ = {isa = PBXFileReference; lastKnownFileType = text.plist.xml; path = Info.plist; sourceTree = "<group>"; };
		2D971EFC1E0CB9F8006F8464 /* ZYHandleImageUITests.xctest */ = {isa = PBXFileReference; explicitFileType = wrapper.cfbundle; includeInIndex = 0; path = ZYHandleImageUITests.xctest; sourceTree = BUILT_PRODUCTS_DIR; };
		2D971F001E0CB9F8006F8464 /* ZYHandleImageUITests.m */ = {isa = PBXFileReference; lastKnownFileType = sourcecode.c.objc; path = ZYHandleImageUITests.m; sourceTree = "<group>"; };
		2D971F021E0CB9F8006F8464 /* Info.plist */ = {isa = PBXFileReference; lastKnownFileType = text.plist.xml; path = Info.plist; sourceTree = "<group>"; };
		2D971F0E1E0CC032006F8464 /* Header.h */ = {isa = PBXFileReference; lastKnownFileType = sourcecode.c.h; path = Header.h; sourceTree = "<group>"; };
		2D971F171E0CCA64006F8464 /* ZYHandleImageViewController.h */ = {isa = PBXFileReference; fileEncoding = 4; lastKnownFileType = sourcecode.c.h; path = ZYHandleImageViewController.h; sourceTree = "<group>"; };
		2D971F181E0CCA64006F8464 /* ZYHandleImageViewController.m */ = {isa = PBXFileReference; fileEncoding = 4; lastKnownFileType = sourcecode.c.objc; path = ZYHandleImageViewController.m; sourceTree = "<group>"; };
		2D971F231E0D2A45006F8464 /* UIImage+Category.h */ = {isa = PBXFileReference; fileEncoding = 4; lastKnownFileType = sourcecode.c.h; path = "UIImage+Category.h"; sourceTree = "<group>"; };
		2D971F241E0D2A45006F8464 /* UIImage+Category.m */ = {isa = PBXFileReference; fileEncoding = 4; lastKnownFileType = sourcecode.c.objc; path = "UIImage+Category.m"; sourceTree = "<group>"; };
		2D971F251E0D2A45006F8464 /* UIView+Category.h */ = {isa = PBXFileReference; fileEncoding = 4; lastKnownFileType = sourcecode.c.h; path = "UIView+Category.h"; sourceTree = "<group>"; };
		2D971F261E0D2A45006F8464 /* UIView+Category.m */ = {isa = PBXFileReference; fileEncoding = 4; lastKnownFileType = sourcecode.c.objc; path = "UIView+Category.m"; sourceTree = "<group>"; };
		2D971F281E0D2A45006F8464 /* base.jpg */ = {isa = PBXFileReference; lastKnownFileType = image.jpeg; path = base.jpg; sourceTree = "<group>"; };
		DDAA97F378C39016AC3EC77B /* Pods-ZYHandleImage.debug.xcconfig */ = {isa = PBXFileReference; includeInIndex = 1; lastKnownFileType = text.xcconfig; name = "Pods-ZYHandleImage.debug.xcconfig"; path = "Pods/Target Support Files/Pods-ZYHandleImage/Pods-ZYHandleImage.debug.xcconfig"; sourceTree = "<group>"; };
/* End PBXFileReference section */

/* Begin PBXFrameworksBuildPhase section */
		2D971ED51E0CB9F8006F8464 /* Frameworks */ = {
			isa = PBXFrameworksBuildPhase;
			buildActionMask = 2147483647;
			files = (
				9D399F9E936A9179CE9CF4DE /* libPods-ZYHandleImage.a in Frameworks */,
			);
			runOnlyForDeploymentPostprocessing = 0;
		};
		2D971EEE1E0CB9F8006F8464 /* Frameworks */ = {
			isa = PBXFrameworksBuildPhase;
			buildActionMask = 2147483647;
			files = (
			);
			runOnlyForDeploymentPostprocessing = 0;
		};
		2D971EF91E0CB9F8006F8464 /* Frameworks */ = {
			isa = PBXFrameworksBuildPhase;
			buildActionMask = 2147483647;
			files = (
			);
			runOnlyForDeploymentPostprocessing = 0;
		};
/* End PBXFrameworksBuildPhase section */

/* Begin PBXGroup section */
		2D5809B71E14EB1000C99E58 /* View */ = {
			isa = PBXGroup;
			children = (
				2D5809B81E14EB8700C99E58 /* InputView.h */,
				2D5809B91E14EB8700C99E58 /* InputView.m */,
			);
			path = View;
			sourceTree = "<group>";
		};
		2D971ECF1E0CB9F8006F8464 = {
			isa = PBXGroup;
			children = (
				2D971EDA1E0CB9F8006F8464 /* ZYHandleImage */,
				2D971EF41E0CB9F8006F8464 /* ZYHandleImageTests */,
				2D971EFF1E0CB9F8006F8464 /* ZYHandleImageUITests */,
				2D971ED91E0CB9F8006F8464 /* Products */,
				63AD109C25EB9EED961A69E7 /* Pods */,
				B803A9D84F548A188306B716 /* Frameworks */,
			);
			sourceTree = "<group>";
		};
		2D971ED91E0CB9F8006F8464 /* Products */ = {
			isa = PBXGroup;
			children = (
				2D971ED81E0CB9F8006F8464 /* ZYHandleImage.app */,
				2D971EF11E0CB9F8006F8464 /* ZYHandleImageTests.xctest */,
				2D971EFC1E0CB9F8006F8464 /* ZYHandleImageUITests.xctest */,
			);
			name = Products;
			sourceTree = "<group>";
		};
		2D971EDA1E0CB9F8006F8464 /* ZYHandleImage */ = {
			isa = PBXGroup;
			children = (
				2D971F161E0CCA21006F8464 /* ZYHandleImage */,
				2D971EDE1E0CB9F8006F8464 /* AppDelegate.h */,
				2D971EDF1E0CB9F8006F8464 /* AppDelegate.m */,
				2D971EE11E0CB9F8006F8464 /* ViewController.h */,
				2D971EE21E0CB9F8006F8464 /* ViewController.m */,
				2D971EE41E0CB9F8006F8464 /* Main.storyboard */,
				2D971EE71E0CB9F8006F8464 /* Assets.xcassets */,
				2D971EE91E0CB9F8006F8464 /* LaunchScreen.storyboard */,
				2D971EEC1E0CB9F8006F8464 /* Info.plist */,
				2D971EDB1E0CB9F8006F8464 /* Supporting Files */,
			);
			path = ZYHandleImage;
			sourceTree = "<group>";
		};
		2D971EDB1E0CB9F8006F8464 /* Supporting Files */ = {
			isa = PBXGroup;
			children = (
				2D971EDC1E0CB9F8006F8464 /* main.m */,
				2D971F0E1E0CC032006F8464 /* Header.h */,
			);
			name = "Supporting Files";
			sourceTree = "<group>";
		};
		2D971EF41E0CB9F8006F8464 /* ZYHandleImageTests */ = {
			isa = PBXGroup;
			children = (
				2D971EF51E0CB9F8006F8464 /* ZYHandleImageTests.m */,
				2D971EF71E0CB9F8006F8464 /* Info.plist */,
			);
			path = ZYHandleImageTests;
			sourceTree = "<group>";
		};
		2D971EFF1E0CB9F8006F8464 /* ZYHandleImageUITests */ = {
			isa = PBXGroup;
			children = (
				2D971F001E0CB9F8006F8464 /* ZYHandleImageUITests.m */,
				2D971F021E0CB9F8006F8464 /* Info.plist */,
			);
			path = ZYHandleImageUITests;
			sourceTree = "<group>";
		};
		2D971F161E0CCA21006F8464 /* ZYHandleImage */ = {
			isa = PBXGroup;
			children = (
				2D5809B71E14EB1000C99E58 /* View */,
				2D971F221E0D2A45006F8464 /* Category */,
				2D971F271E0D2A45006F8464 /* sourceImages */,
				2D971F171E0CCA64006F8464 /* ZYHandleImageViewController.h */,
				2D971F181E0CCA64006F8464 /* ZYHandleImageViewController.m */,
			);
			path = ZYHandleImage;
			sourceTree = "<group>";
		};
		2D971F221E0D2A45006F8464 /* Category */ = {
			isa = PBXGroup;
			children = (
				2D971F231E0D2A45006F8464 /* UIImage+Category.h */,
				2D971F241E0D2A45006F8464 /* UIImage+Category.m */,
				2D971F251E0D2A45006F8464 /* UIView+Category.h */,
				2D971F261E0D2A45006F8464 /* UIView+Category.m */,
			);
			path = Category;
			sourceTree = "<group>";
		};
		2D971F271E0D2A45006F8464 /* sourceImages */ = {
			isa = PBXGroup;
			children = (
				2D5809B51E14ABDB00C99E58 /* 单身你.png */,
				2D971F281E0D2A45006F8464 /* base.jpg */,
			);
			path = sourceImages;
			sourceTree = "<group>";
		};
		63AD109C25EB9EED961A69E7 /* Pods */ = {
			isa = PBXGroup;
			children = (
				DDAA97F378C39016AC3EC77B /* Pods-ZYHandleImage.debug.xcconfig */,
				1A929D5BC82794D724BA3835 /* Pods-ZYHandleImage.release.xcconfig */,
			);
			name = Pods;
			sourceTree = "<group>";
		};
		B803A9D84F548A188306B716 /* Frameworks */ = {
			isa = PBXGroup;
			children = (
				0F59937FF0713039613DE318 /* libPods-ZYHandleImage.a */,
			);
			name = Frameworks;
			sourceTree = "<group>";
		};
/* End PBXGroup section */

/* Begin PBXNativeTarget section */
		2D971ED71E0CB9F8006F8464 /* ZYHandleImage */ = {
			isa = PBXNativeTarget;
			buildConfigurationList = 2D971F051E0CB9F8006F8464 /* Build configuration list for PBXNativeTarget "ZYHandleImage" */;
			buildPhases = (
				3FAE7253E3F86AAC5DD21C3E /* [CP] Check Pods Manifest.lock */,
				2D971ED41E0CB9F8006F8464 /* Sources */,
				2D971ED51E0CB9F8006F8464 /* Frameworks */,
				2D971ED61E0CB9F8006F8464 /* Resources */,
				4CF6D7898D3715E1A7D98B69 /* [CP] Embed Pods Frameworks */,
				8A0BEAD6EDA275A336C1F047 /* [CP] Copy Pods Resources */,
			);
			buildRules = (
			);
			dependencies = (
			);
			name = ZYHandleImage;
			productName = ZYHandleImage;
			productReference = 2D971ED81E0CB9F8006F8464 /* ZYHandleImage.app */;
			productType = "com.apple.product-type.application";
		};
		2D971EF01E0CB9F8006F8464 /* ZYHandleImageTests */ = {
			isa = PBXNativeTarget;
			buildConfigurationList = 2D971F081E0CB9F8006F8464 /* Build configuration list for PBXNativeTarget "ZYHandleImageTests" */;
			buildPhases = (
				2D971EED1E0CB9F8006F8464 /* Sources */,
				2D971EEE1E0CB9F8006F8464 /* Frameworks */,
				2D971EEF1E0CB9F8006F8464 /* Resources */,
			);
			buildRules = (
			);
			dependencies = (
				2D971EF31E0CB9F8006F8464 /* PBXTargetDependency */,
			);
			name = ZYHandleImageTests;
			productName = ZYHandleImageTests;
			productReference = 2D971EF11E0CB9F8006F8464 /* ZYHandleImageTests.xctest */;
			productType = "com.apple.product-type.bundle.unit-test";
		};
		2D971EFB1E0CB9F8006F8464 /* ZYHandleImageUITests */ = {
			isa = PBXNativeTarget;
			buildConfigurationList = 2D971F0B1E0CB9F8006F8464 /* Build configuration list for PBXNativeTarget "ZYHandleImageUITests" */;
			buildPhases = (
				2D971EF81E0CB9F8006F8464 /* Sources */,
				2D971EF91E0CB9F8006F8464 /* Frameworks */,
				2D971EFA1E0CB9F8006F8464 /* Resources */,
			);
			buildRules = (
			);
			dependencies = (
				2D971EFE1E0CB9F8006F8464 /* PBXTargetDependency */,
			);
			name = ZYHandleImageUITests;
			productName = ZYHandleImageUITests;
			productReference = 2D971EFC1E0CB9F8006F8464 /* ZYHandleImageUITests.xctest */;
			productType = "com.apple.product-type.bundle.ui-testing";
		};
/* End PBXNativeTarget section */

/* Begin PBXProject section */
		2D971ED01E0CB9F8006F8464 /* Project object */ = {
			isa = PBXProject;
			attributes = {
				LastUpgradeCheck = 0820;
				ORGANIZATIONNAME = zhangyi;
				TargetAttributes = {
					2D971ED71E0CB9F8006F8464 = {
						CreatedOnToolsVersion = 8.2.1;
						DevelopmentTeam = RRQ55D399T;
						ProvisioningStyle = Automatic;
					};
					2D971EF01E0CB9F8006F8464 = {
						CreatedOnToolsVersion = 8.2.1;
						DevelopmentTeam = ED4QRHH54E;
						ProvisioningStyle = Automatic;
						TestTargetID = 2D971ED71E0CB9F8006F8464;
					};
					2D971EFB1E0CB9F8006F8464 = {
						CreatedOnToolsVersion = 8.2.1;
						DevelopmentTeam = ED4QRHH54E;
						ProvisioningStyle = Automatic;
						TestTargetID = 2D971ED71E0CB9F8006F8464;
					};
				};
			};
			buildConfigurationList = 2D971ED31E0CB9F8006F8464 /* Build configuration list for PBXProject "ZYHandleImage" */;
			compatibilityVersion = "Xcode 3.2";
			developmentRegion = English;
			hasScannedForEncodings = 0;
			knownRegions = (
				en,
				Base,
			);
			mainGroup = 2D971ECF1E0CB9F8006F8464;
			productRefGroup = 2D971ED91E0CB9F8006F8464 /* Products */;
			projectDirPath = "";
			projectRoot = "";
			targets = (
				2D971ED71E0CB9F8006F8464 /* ZYHandleImage */,
				2D971EF01E0CB9F8006F8464 /* ZYHandleImageTests */,
				2D971EFB1E0CB9F8006F8464 /* ZYHandleImageUITests */,
			);
		};
/* End PBXProject section */

/* Begin PBXResourcesBuildPhase section */
		2D971ED61E0CB9F8006F8464 /* Resources */ = {
			isa = PBXResourcesBuildPhase;
			buildActionMask = 2147483647;
			files = (
				2D5809B61E14ABDB00C99E58 /* 单身你.png in Resources */,
				2D971EEB1E0CB9F8006F8464 /* LaunchScreen.storyboard in Resources */,
				2D971EE81E0CB9F8006F8464 /* Assets.xcassets in Resources */,
				2D971F2C1E0D2A45006F8464 /* base.jpg in Resources */,
				2D971EE61E0CB9F8006F8464 /* Main.storyboard in Resources */,
			);
			runOnlyForDeploymentPostprocessing = 0;
		};
		2D971EEF1E0CB9F8006F8464 /* Resources */ = {
			isa = PBXResourcesBuildPhase;
			buildActionMask = 2147483647;
			files = (
			);
			runOnlyForDeploymentPostprocessing = 0;
		};
		2D971EFA1E0CB9F8006F8464 /* Resources */ = {
			isa = PBXResourcesBuildPhase;
			buildActionMask = 2147483647;
			files = (
			);
			runOnlyForDeploymentPostprocessing = 0;
		};
/* End PBXResourcesBuildPhase section */

/* Begin PBXShellScriptBuildPhase section */
		3FAE7253E3F86AAC5DD21C3E /* [CP] Check Pods Manifest.lock */ = {
			isa = PBXShellScriptBuildPhase;
			buildActionMask = 2147483647;
			files = (
			);
			inputPaths = (
			);
			name = "[CP] Check Pods Manifest.lock";
			outputPaths = (
			);
			runOnlyForDeploymentPostprocessing = 0;
			shellPath = /bin/sh;
			shellScript = "diff \"${PODS_ROOT}/../Podfile.lock\" \"${PODS_ROOT}/Manifest.lock\" > /dev/null\nif [ $? != 0 ] ; then\n    # print error to STDERR\n    echo \"error: The sandbox is not in sync with the Podfile.lock. Run 'pod install' or update your CocoaPods installation.\" >&2\n    exit 1\nfi\n";
			showEnvVarsInLog = 0;
		};
		4CF6D7898D3715E1A7D98B69 /* [CP] Embed Pods Frameworks */ = {
			isa = PBXShellScriptBuildPhase;
			buildActionMask = 2147483647;
			files = (
			);
			inputPaths = (
			);
			name = "[CP] Embed Pods Frameworks";
			outputPaths = (
			);
			runOnlyForDeploymentPostprocessing = 0;
			shellPath = /bin/sh;
			shellScript = "\"${SRCROOT}/Pods/Target Support Files/Pods-ZYHandleImage/Pods-ZYHandleImage-frameworks.sh\"\n";
			showEnvVarsInLog = 0;
		};
		8A0BEAD6EDA275A336C1F047 /* [CP] Copy Pods Resources */ = {
			isa = PBXShellScriptBuildPhase;
			buildActionMask = 2147483647;
			files = (
			);
			inputPaths = (
			);
			name = "[CP] Copy Pods Resources";
			outputPaths = (
			);
			runOnlyForDeploymentPostprocessing = 0;
			shellPath = /bin/sh;
			shellScript = "\"${SRCROOT}/Pods/Target Support Files/Pods-ZYHandleImage/Pods-ZYHandleImage-resources.sh\"\n";
			showEnvVarsInLog = 0;
		};
/* End PBXShellScriptBuildPhase section */

/* Begin PBXSourcesBuildPhase section */
		2D971ED41E0CB9F8006F8464 /* Sources */ = {
			isa = PBXSourcesBuildPhase;
			buildActionMask = 2147483647;
			files = (
				2D971F191E0CCA64006F8464 /* ZYHandleImageViewController.m in Sources */,
				2D971EE31E0CB9F8006F8464 /* ViewController.m in Sources */,
				2D5809BA1E14EB8700C99E58 /* InputView.m in Sources */,
				2D971EE01E0CB9F8006F8464 /* AppDelegate.m in Sources */,
				2D971EDD1E0CB9F8006F8464 /* main.m in Sources */,
				2D971F2B1E0D2A45006F8464 /* UIView+Category.m in Sources */,
				2D971F2A1E0D2A45006F8464 /* UIImage+Category.m in Sources */,
			);
			runOnlyForDeploymentPostprocessing = 0;
		};
		2D971EED1E0CB9F8006F8464 /* Sources */ = {
			isa = PBXSourcesBuildPhase;
			buildActionMask = 2147483647;
			files = (
				2D971EF61E0CB9F8006F8464 /* ZYHandleImageTests.m in Sources */,
			);
			runOnlyForDeploymentPostprocessing = 0;
		};
		2D971EF81E0CB9F8006F8464 /* Sources */ = {
			isa = PBXSourcesBuildPhase;
			buildActionMask = 2147483647;
			files = (
				2D971F011E0CB9F8006F8464 /* ZYHandleImageUITests.m in Sources */,
			);
			runOnlyForDeploymentPostprocessing = 0;
		};
/* End PBXSourcesBuildPhase section */

/* Begin PBXTargetDependency section */
		2D971EF31E0CB9F8006F8464 /* PBXTargetDependency */ = {
			isa = PBXTargetDependency;
			target = 2D971ED71E0CB9F8006F8464 /* ZYHandleImage */;
			targetProxy = 2D971EF21E0CB9F8006F8464 /* PBXContainerItemProxy */;
		};
		2D971EFE1E0CB9F8006F8464 /* PBXTargetDependency */ = {
			isa = PBXTargetDependency;
			target = 2D971ED71E0CB9F8006F8464 /* ZYHandleImage */;
			targetProxy = 2D971EFD1E0CB9F8006F8464 /* PBXContainerItemProxy */;
		};
/* End PBXTargetDependency section */

/* Begin PBXVariantGroup section */
		2D971EE41E0CB9F8006F8464 /* Main.storyboard */ = {
			isa = PBXVariantGroup;
			children = (
				2D971EE51E0CB9F8006F8464 /* Base */,
			);
			name = Main.storyboard;
			sourceTree = "<group>";
		};
		2D971EE91E0CB9F8006F8464 /* LaunchScreen.storyboard */ = {
			isa = PBXVariantGroup;
			children = (
				2D971EEA1E0CB9F8006F8464 /* Base */,
			);
			name = LaunchScreen.storyboard;
			sourceTree = "<group>";
		};
/* End PBXVariantGroup section */

/* Begin XCBuildConfiguration section */
		2D971F031E0CB9F8006F8464 /* Debug */ = {
			isa = XCBuildConfiguration;
			buildSettings = {
				ALWAYS_SEARCH_USER_PATHS = NO;
				CLANG_ANALYZER_NONNULL = YES;
				CLANG_CXX_LANGUAGE_STANDARD = "gnu++0x";
				CLANG_CXX_LIBRARY = "libc++";
				CLANG_ENABLE_MODULES = YES;
				CLANG_ENABLE_OBJC_ARC = YES;
				CLANG_WARN_BOOL_CONVERSION = YES;
				CLANG_WARN_CONSTANT_CONVERSION = YES;
				CLANG_WARN_DIRECT_OBJC_ISA_USAGE = YES_ERROR;
				CLANG_WARN_DOCUMENTATION_COMMENTS = YES;
				CLANG_WARN_EMPTY_BODY = YES;
				CLANG_WARN_ENUM_CONVERSION = YES;
				CLANG_WARN_INFINITE_RECURSION = YES;
				CLANG_WARN_INT_CONVERSION = YES;
				CLANG_WARN_OBJC_ROOT_CLASS = YES_ERROR;
				CLANG_WARN_SUSPICIOUS_MOVE = YES;
				CLANG_WARN_UNREACHABLE_CODE = YES;
				CLANG_WARN__DUPLICATE_METHOD_MATCH = YES;
				"CODE_SIGN_IDENTITY[sdk=iphoneos*]" = "iPhone Developer";
				COPY_PHASE_STRIP = NO;
				DEBUG_INFORMATION_FORMAT = dwarf;
				ENABLE_STRICT_OBJC_MSGSEND = YES;
				ENABLE_TESTABILITY = YES;
				GCC_C_LANGUAGE_STANDARD = gnu99;
				GCC_DYNAMIC_NO_PIC = NO;
				GCC_NO_COMMON_BLOCKS = YES;
				GCC_OPTIMIZATION_LEVEL = 0;
				GCC_PREPROCESSOR_DEFINITIONS = (
					"DEBUG=1",
					"$(inherited)",
				);
				GCC_WARN_64_TO_32_BIT_CONVERSION = YES;
				GCC_WARN_ABOUT_RETURN_TYPE = YES_ERROR;
				GCC_WARN_UNDECLARED_SELECTOR = YES;
				GCC_WARN_UNINITIALIZED_AUTOS = YES_AGGRESSIVE;
				GCC_WARN_UNUSED_FUNCTION = YES;
				GCC_WARN_UNUSED_VARIABLE = YES;
				IPHONEOS_DEPLOYMENT_TARGET = 10.2;
				MTL_ENABLE_DEBUG_INFO = YES;
				ONLY_ACTIVE_ARCH = YES;
				SDKROOT = iphoneos;
			};
			name = Debug;
		};
		2D971F041E0CB9F8006F8464 /* Release */ = {
			isa = XCBuildConfiguration;
			buildSettings = {
				ALWAYS_SEARCH_USER_PATHS = NO;
				CLANG_ANALYZER_NONNULL = YES;
				CLANG_CXX_LANGUAGE_STANDARD = "gnu++0x";
				CLANG_CXX_LIBRARY = "libc++";
				CLANG_ENABLE_MODULES = YES;
				CLANG_ENABLE_OBJC_ARC = YES;
				CLANG_WARN_BOOL_CONVERSION = YES;
				CLANG_WARN_CONSTANT_CONVERSION = YES;
				CLANG_WARN_DIRECT_OBJC_ISA_USAGE = YES_ERROR;
				CLANG_WARN_DOCUMENTATION_COMMENTS = YES;
				CLANG_WARN_EMPTY_BODY = YES;
				CLANG_WARN_ENUM_CONVERSION = YES;
				CLANG_WARN_INFINITE_RECURSION = YES;
				CLANG_WARN_INT_CONVERSION = YES;
				CLANG_WARN_OBJC_ROOT_CLASS = YES_ERROR;
				CLANG_WARN_SUSPICIOUS_MOVE = YES;
				CLANG_WARN_UNREACHABLE_CODE = YES;
				CLANG_WARN__DUPLICATE_METHOD_MATCH = YES;
				"CODE_SIGN_IDENTITY[sdk=iphoneos*]" = "iPhone Developer";
				COPY_PHASE_STRIP = NO;
				DEBUG_INFORMATION_FORMAT = "dwarf-with-dsym";
				ENABLE_NS_ASSERTIONS = NO;
				ENABLE_STRICT_OBJC_MSGSEND = YES;
				GCC_C_LANGUAGE_STANDARD = gnu99;
				GCC_NO_COMMON_BLOCKS = YES;
				GCC_WARN_64_TO_32_BIT_CONVERSION = YES;
				GCC_WARN_ABOUT_RETURN_TYPE = YES_ERROR;
				GCC_WARN_UNDECLARED_SELECTOR = YES;
				GCC_WARN_UNINITIALIZED_AUTOS = YES_AGGRESSIVE;
				GCC_WARN_UNUSED_FUNCTION = YES;
				GCC_WARN_UNUSED_VARIABLE = YES;
				IPHONEOS_DEPLOYMENT_TARGET = 10.2;
				MTL_ENABLE_DEBUG_INFO = NO;
				SDKROOT = iphoneos;
				VALIDATE_PRODUCT = YES;
			};
			name = Release;
		};
		2D971F061E0CB9F8006F8464 /* Debug */ = {
			isa = XCBuildConfiguration;
			baseConfigurationReference = DDAA97F378C39016AC3EC77B /* Pods-ZYHandleImage.debug.xcconfig */;
			buildSettings = {
				ASSETCATALOG_COMPILER_APPICON_NAME = AppIcon;
				DEVELOPMENT_TEAM = RRQ55D399T;
				GCC_PREFIX_HEADER = "$(SRCROOT)/ZYHandleImage/Header.h";
				INFOPLIST_FILE = ZYHandleImage/Info.plist;
				IPHONEOS_DEPLOYMENT_TARGET = 10.1;
				LD_RUNPATH_SEARCH_PATHS = "$(inherited) @executable_path/Frameworks";
				PRODUCT_BUNDLE_IDENTIFIER = text.ZYHandleImage;
				PRODUCT_NAME = "$(TARGET_NAME)";
			};
			name = Debug;
		};
		2D971F071E0CB9F8006F8464 /* Release */ = {
			isa = XCBuildConfiguration;
			baseConfigurationReference = 1A929D5BC82794D724BA3835 /* Pods-ZYHandleImage.release.xcconfig */;
			buildSettings = {
				ASSETCATALOG_COMPILER_APPICON_NAME = AppIcon;
				DEVELOPMENT_TEAM = RRQ55D399T;
				GCC_PREFIX_HEADER = "$(SRCROOT)/ZYHandleImage/Header.h";
				INFOPLIST_FILE = ZYHandleImage/Info.plist;
				IPHONEOS_DEPLOYMENT_TARGET = 10.1;
				LD_RUNPATH_SEARCH_PATHS = "$(inherited) @executable_path/Frameworks";
				PRODUCT_BUNDLE_IDENTIFIER = text.ZYHandleImage;
				PRODUCT_NAME = "$(TARGET_NAME)";
			};
			name = Release;
		};
		2D971F091E0CB9F8006F8464 /* Debug */ = {
			isa = XCBuildConfiguration;
			buildSettings = {
				BUNDLE_LOADER = "$(TEST_HOST)";
				DEVELOPMENT_TEAM = ED4QRHH54E;
				INFOPLIST_FILE = ZYHandleImageTests/Info.plist;
				LD_RUNPATH_SEARCH_PATHS = "$(inherited) @executable_path/Frameworks @loader_path/Frameworks";
				PRODUCT_BUNDLE_IDENTIFIER = text.ZYHandleImageTests;
				PRODUCT_NAME = "$(TARGET_NAME)";
				TEST_HOST = "$(BUILT_PRODUCTS_DIR)/ZYHandleImage.app/ZYHandleImage";
			};
			name = Debug;
		};
		2D971F0A1E0CB9F8006F8464 /* Release */ = {
			isa = XCBuildConfiguration;
			buildSettings = {
				BUNDLE_LOADER = "$(TEST_HOST)";
				DEVELOPMENT_TEAM = ED4QRHH54E;
				INFOPLIST_FILE = ZYHandleImageTests/Info.plist;
				LD_RUNPATH_SEARCH_PATHS = "$(inherited) @executable_path/Frameworks @loader_path/Frameworks";
				PRODUCT_BUNDLE_IDENTIFIER = text.ZYHandleImageTests;
				PRODUCT_NAME = "$(TARGET_NAME)";
				TEST_HOST = "$(BUILT_PRODUCTS_DIR)/ZYHandleImage.app/ZYHandleImage";
			};
			name = Release;
		};
		2D971F0C1E0CB9F8006F8464 /* Debug */ = {
			isa = XCBuildConfiguration;
			buildSettings = {
				DEVELOPMENT_TEAM = ED4QRHH54E;
				INFOPLIST_FILE = ZYHandleImageUITests/Info.plist;
				LD_RUNPATH_SEARCH_PATHS = "$(inherited) @executable_path/Frameworks @loader_path/Frameworks";
				PRODUCT_BUNDLE_IDENTIFIER = text.ZYHandleImageUITests;
				PRODUCT_NAME = "$(TARGET_NAME)";
				TEST_TARGET_NAME = ZYHandleImage;
			};
			name = Debug;
		};
		2D971F0D1E0CB9F8006F8464 /* Release */ = {
			isa = XCBuildConfiguration;
			buildSettings = {
				DEVELOPMENT_TEAM = ED4QRHH54E;
				INFOPLIST_FILE = ZYHandleImageUITests/Info.plist;
				LD_RUNPATH_SEARCH_PATHS = "$(inherited) @executable_path/Frameworks @loader_path/Frameworks";
				PRODUCT_BUNDLE_IDENTIFIER = text.ZYHandleImageUITests;
				PRODUCT_NAME = "$(TARGET_NAME)";
				TEST_TARGET_NAME = ZYHandleImage;
			};
			name = Release;
		};
/* End XCBuildConfiguration section */

/* Begin XCConfigurationList section */
		2D971ED31E0CB9F8006F8464 /* Build configuration list for PBXProject "ZYHandleImage" */ = {
			isa = XCConfigurationList;
			buildConfigurations = (
				2D971F031E0CB9F8006F8464 /* Debug */,
				2D971F041E0CB9F8006F8464 /* Release */,
			);
			defaultConfigurationIsVisible = 0;
			defaultConfigurationName = Release;
		};
		2D971F051E0CB9F8006F8464 /* Build configuration list for PBXNativeTarget "ZYHandleImage" */ = {
			isa = XCConfigurationList;
			buildConfigurations = (
				2D971F061E0CB9F8006F8464 /* Debug */,
				2D971F071E0CB9F8006F8464 /* Release */,
			);
			defaultConfigurationIsVisible = 0;
			defaultConfigurationName = Release;
		};
		2D971F081E0CB9F8006F8464 /* Build configuration list for PBXNativeTarget "ZYHandleImageTests" */ = {
			isa = XCConfigurationList;
			buildConfigurations = (
				2D971F091E0CB9F8006F8464 /* Debug */,
				2D971F0A1E0CB9F8006F8464 /* Release */,
			);
			defaultConfigurationIsVisible = 0;
			defaultConfigurationName = Release;
		};
		2D971F0B1E0CB9F8006F8464 /* Build configuration list for PBXNativeTarget "ZYHandleImageUITests" */ = {
			isa = XCConfigurationList;
			buildConfigurations = (
				2D971F0C1E0CB9F8006F8464 /* Debug */,
				2D971F0D1E0CB9F8006F8464 /* Release */,
			);
			defaultConfigurationIsVisible = 0;
			defaultConfigurationName = Release;
		};
/* End XCConfigurationList section */
	};
	rootObject = 2D971ED01E0CB9F8006F8464 /* Project object */;
}
